// !$*UTF8*$!
{
	archiveVersion = 1;
	classes = {
	};
	objectVersion = 56;
	objects = {

/* Begin PBXBuildFile section */
		B8DEC43029BEAFE200EC7F30 /* DrawingApp.swift in Sources */ = {isa = PBXBuildFile; fileRef = B8DEC42F29BEAFE200EC7F30 /* DrawingApp.swift */; };
		B8DEC43229BEAFE200EC7F30 /* ContentView.swift in Sources */ = {isa = PBXBuildFile; fileRef = B8DEC43129BEAFE200EC7F30 /* ContentView.swift */; };
		B8DEC43429BEAFE400EC7F30 /* Assets.xcassets in Resources */ = {isa = PBXBuildFile; fileRef = B8DEC43329BEAFE400EC7F30 /* Assets.xcassets */; };
		B8DEC43729BEAFE400EC7F30 /* Preview Assets.xcassets in Resources */ = {isa = PBXBuildFile; fileRef = B8DEC43629BEAFE400EC7F30 /* Preview Assets.xcassets */; };
		B8DEC43E29BEB17300EC7F30 /* CustomPathsView.swift in Sources */ = {isa = PBXBuildFile; fileRef = B8DEC43D29BEB17300EC7F30 /* CustomPathsView.swift */; };
		B8DEC44129BEB3F500EC7F30 /* CustomShapeView.swift in Sources */ = {isa = PBXBuildFile; fileRef = B8DEC44029BEB3F500EC7F30 /* CustomShapeView.swift */; };
		B8DEC44329BEC31000EC7F30 /* InsettableShapeView.swift in Sources */ = {isa = PBXBuildFile; fileRef = B8DEC44229BEC31000EC7F30 /* InsettableShapeView.swift */; };
		B8DEC44529C01FDF00EC7F30 /* TransformingShapesView.swift in Sources */ = {isa = PBXBuildFile; fileRef = B8DEC44429C01FDF00EC7F30 /* TransformingShapesView.swift */; };
		B8DEC44729C026C400EC7F30 /* ImagePaintView.swift in Sources */ = {isa = PBXBuildFile; fileRef = B8DEC44629C026C400EC7F30 /* ImagePaintView.swift */; };
		B8DEC44929C0297600EC7F30 /* DrawingGroupView.swift in Sources */ = {isa = PBXBuildFile; fileRef = B8DEC44829C0297600EC7F30 /* DrawingGroupView.swift */; };
		B8DEC44B29C034CB00EC7F30 /* SpecialEffectsView.swift in Sources */ = {isa = PBXBuildFile; fileRef = B8DEC44A29C034CB00EC7F30 /* SpecialEffectsView.swift */; };
		B8DEC44D29C03BCA00EC7F30 /* SimpleAnimationView.swift in Sources */ = {isa = PBXBuildFile; fileRef = B8DEC44C29C03BCA00EC7F30 /* SimpleAnimationView.swift */; };
		B8DEC45229C03EA000EC7F30 /* ComplexAnimationView.swift in Sources */ = {isa = PBXBuildFile; fileRef = B8DEC45129C03EA000EC7F30 /* ComplexAnimationView.swift */; };
		B8DEC45429C05A8B00EC7F30 /* SpirographView.swift in Sources */ = {isa = PBXBuildFile; fileRef = B8DEC45329C05A8B00EC7F30 /* SpirographView.swift */; };
		B8DEC45729C2E5DA00EC7F30 /* ArrowShape.swift in Sources */ = {isa = PBXBuildFile; fileRef = B8DEC45629C2E5DA00EC7F30 /* ArrowShape.swift */; };
		B8DEC45929C2EC4F00EC7F30 /* ColorCycleRectView.swift in Sources */ = {isa = PBXBuildFile; fileRef = B8DEC45829C2EC4F00EC7F30 /* ColorCycleRectView.swift */; };
/* End PBXBuildFile section */

/* Begin PBXFileReference section */
		B8DEC42C29BEAFE200EC7F30 /* Drawing.app */ = {isa = PBXFileReference; explicitFileType = wrapper.application; includeInIndex = 0; path = Drawing.app; sourceTree = BUILT_PRODUCTS_DIR; };
		B8DEC42F29BEAFE200EC7F30 /* DrawingApp.swift */ = {isa = PBXFileReference; lastKnownFileType = sourcecode.swift; path = DrawingApp.swift; sourceTree = "<group>"; };
		B8DEC43129BEAFE200EC7F30 /* ContentView.swift */ = {isa = PBXFileReference; lastKnownFileType = sourcecode.swift; path = ContentView.swift; sourceTree = "<group>"; };
		B8DEC43329BEAFE400EC7F30 /* Assets.xcassets */ = {isa = PBXFileReference; lastKnownFileType = folder.assetcatalog; path = Assets.xcassets; sourceTree = "<group>"; };
		B8DEC43629BEAFE400EC7F30 /* Preview Assets.xcassets */ = {isa = PBXFileReference; lastKnownFileType = folder.assetcatalog; path = "Preview Assets.xcassets"; sourceTree = "<group>"; };
		B8DEC43D29BEB17300EC7F30 /* CustomPathsView.swift */ = {isa = PBXFileReference; lastKnownFileType = sourcecode.swift; path = CustomPathsView.swift; sourceTree = "<group>"; };
		B8DEC44029BEB3F500EC7F30 /* CustomShapeView.swift */ = {isa = PBXFileReference; lastKnownFileType = sourcecode.swift; path = CustomShapeView.swift; sourceTree = "<group>"; };
		B8DEC44229BEC31000EC7F30 /* InsettableShapeView.swift */ = {isa = PBXFileReference; lastKnownFileType = sourcecode.swift; path = InsettableShapeView.swift; sourceTree = "<group>"; };
		B8DEC44429C01FDF00EC7F30 /* TransformingShapesView.swift */ = {isa = PBXFileReference; lastKnownFileType = sourcecode.swift; path = TransformingShapesView.swift; sourceTree = "<group>"; };
		B8DEC44629C026C400EC7F30 /* ImagePaintView.swift */ = {isa = PBXFileReference; lastKnownFileType = sourcecode.swift; path = ImagePaintView.swift; sourceTree = "<group>"; };
		B8DEC44829C0297600EC7F30 /* DrawingGroupView.swift */ = {isa = PBXFileReference; lastKnownFileType = sourcecode.swift; path = DrawingGroupView.swift; sourceTree = "<group>"; };
		B8DEC44A29C034CB00EC7F30 /* SpecialEffectsView.swift */ = {isa = PBXFileReference; lastKnownFileType = sourcecode.swift; path = SpecialEffectsView.swift; sourceTree = "<group>"; };
		B8DEC44C29C03BCA00EC7F30 /* SimpleAnimationView.swift */ = {isa = PBXFileReference; lastKnownFileType = sourcecode.swift; path = SimpleAnimationView.swift; sourceTree = "<group>"; };
		B8DEC45129C03EA000EC7F30 /* ComplexAnimationView.swift */ = {isa = PBXFileReference; lastKnownFileType = sourcecode.swift; path = ComplexAnimationView.swift; sourceTree = "<group>"; };
		B8DEC45329C05A8B00EC7F30 /* SpirographView.swift */ = {isa = PBXFileReference; lastKnownFileType = sourcecode.swift; path = SpirographView.swift; sourceTree = "<group>"; };
		B8DEC45629C2E5DA00EC7F30 /* ArrowShape.swift */ = {isa = PBXFileReference; lastKnownFileType = sourcecode.swift; path = ArrowShape.swift; sourceTree = "<group>"; };
		B8DEC45829C2EC4F00EC7F30 /* ColorCycleRectView.swift */ = {isa = PBXFileReference; lastKnownFileType = sourcecode.swift; path = ColorCycleRectView.swift; sourceTree = "<group>"; };
/* End PBXFileReference section */

/* Begin PBXFrameworksBuildPhase section */
		B8DEC42929BEAFE200EC7F30 /* Frameworks */ = {
			isa = PBXFrameworksBuildPhase;
			buildActionMask = 2147483647;
			files = (
			);
			runOnlyForDeploymentPostprocessing = 0;
		};
/* End PBXFrameworksBuildPhase section */

/* Begin PBXGroup section */
		B8DEC42329BEAFE200EC7F30 = {
			isa = PBXGroup;
			children = (
				B8DEC42E29BEAFE200EC7F30 /* Drawing */,
				B8DEC42D29BEAFE200EC7F30 /* Products */,
			);
			sourceTree = "<group>";
		};
		B8DEC42D29BEAFE200EC7F30 /* Products */ = {
			isa = PBXGroup;
			children = (
				B8DEC42C29BEAFE200EC7F30 /* Drawing.app */,
			);
			name = Products;
			sourceTree = "<group>";
		};
		B8DEC42E29BEAFE200EC7F30 /* Drawing */ = {
			isa = PBXGroup;
			children = (
				B8DEC43F29BEB36500EC7F30 /* Sections */,
				B8DEC42F29BEAFE200EC7F30 /* DrawingApp.swift */,
				B8DEC43129BEAFE200EC7F30 /* ContentView.swift */,
				B8DEC43329BEAFE400EC7F30 /* Assets.xcassets */,
				B8DEC43529BEAFE400EC7F30 /* Preview Content */,
			);
			path = Drawing;
			sourceTree = "<group>";
		};
		B8DEC43529BEAFE400EC7F30 /* Preview Content */ = {
			isa = PBXGroup;
			children = (
				B8DEC43629BEAFE400EC7F30 /* Preview Assets.xcassets */,
			);
			path = "Preview Content";
			sourceTree = "<group>";
		};
		B8DEC43F29BEB36500EC7F30 /* Sections */ = {
			isa = PBXGroup;
			children = (
				B8DEC45029C03BE600EC7F30 /* Day 43 */,
				B8DEC44F29C03BDF00EC7F30 /* Day 44 */,
				B8DEC44E29C03BD500EC7F30 /* Day 45 */,
				B8DEC45529C2E5AD00EC7F30 /* Day 46 */,
			);
			path = Sections;
			sourceTree = "<group>";
		};
		B8DEC44E29C03BD500EC7F30 /* Day 45 */ = {
			isa = PBXGroup;
			children = (
				B8DEC44A29C034CB00EC7F30 /* SpecialEffectsView.swift */,
				B8DEC44C29C03BCA00EC7F30 /* SimpleAnimationView.swift */,
				B8DEC45129C03EA000EC7F30 /* ComplexAnimationView.swift */,
				B8DEC45329C05A8B00EC7F30 /* SpirographView.swift */,
			);
			path = "Day 45";
			sourceTree = "<group>";
		};
		B8DEC44F29C03BDF00EC7F30 /* Day 44 */ = {
			isa = PBXGroup;
			children = (
				B8DEC44429C01FDF00EC7F30 /* TransformingShapesView.swift */,
				B8DEC44629C026C400EC7F30 /* ImagePaintView.swift */,
				B8DEC44829C0297600EC7F30 /* DrawingGroupView.swift */,
			);
			path = "Day 44";
			sourceTree = "<group>";
		};
		B8DEC45029C03BE600EC7F30 /* Day 43 */ = {
			isa = PBXGroup;
			children = (
				B8DEC43D29BEB17300EC7F30 /* CustomPathsView.swift */,
				B8DEC44029BEB3F500EC7F30 /* CustomShapeView.swift */,
				B8DEC44229BEC31000EC7F30 /* InsettableShapeView.swift */,
			);
			path = "Day 43";
			sourceTree = "<group>";
		};
		B8DEC45529C2E5AD00EC7F30 /* Day 46 */ = {
			isa = PBXGroup;
			children = (
				B8DEC45629C2E5DA00EC7F30 /* ArrowShape.swift */,
				B8DEC45829C2EC4F00EC7F30 /* ColorCycleRectView.swift */,
			);
			path = "Day 46";
			sourceTree = "<group>";
		};
/* End PBXGroup section */

/* Begin PBXNativeTarget section */
		B8DEC42B29BEAFE200EC7F30 /* Drawing */ = {
			isa = PBXNativeTarget;
			buildConfigurationList = B8DEC43A29BEAFE400EC7F30 /* Build configuration list for PBXNativeTarget "Drawing" */;
			buildPhases = (
				B8DEC42829BEAFE200EC7F30 /* Sources */,
				B8DEC42929BEAFE200EC7F30 /* Frameworks */,
				B8DEC42A29BEAFE200EC7F30 /* Resources */,
			);
			buildRules = (
			);
			dependencies = (
			);
			name = Drawing;
			productName = Drawing;
			productReference = B8DEC42C29BEAFE200EC7F30 /* Drawing.app */;
			productType = "com.apple.product-type.application";
		};
/* End PBXNativeTarget section */

/* Begin PBXProject section */
		B8DEC42429BEAFE200EC7F30 /* Project object */ = {
			isa = PBXProject;
			attributes = {
				BuildIndependentTargetsInParallel = 1;
				LastSwiftUpdateCheck = 1420;
				LastUpgradeCheck = 1420;
				TargetAttributes = {
					B8DEC42B29BEAFE200EC7F30 = {
						CreatedOnToolsVersion = 14.2;
					};
				};
			};
			buildConfigurationList = B8DEC42729BEAFE200EC7F30 /* Build configuration list for PBXProject "Drawing" */;
			compatibilityVersion = "Xcode 14.0";
			developmentRegion = en;
			hasScannedForEncodings = 0;
			knownRegions = (
				en,
				Base,
			);
			mainGroup = B8DEC42329BEAFE200EC7F30;
			productRefGroup = B8DEC42D29BEAFE200EC7F30 /* Products */;
			projectDirPath = "";
			projectRoot = "";
			targets = (
				B8DEC42B29BEAFE200EC7F30 /* Drawing */,
			);
		};
/* End PBXProject section */

/* Begin PBXResourcesBuildPhase section */
		B8DEC42A29BEAFE200EC7F30 /* Resources */ = {
			isa = PBXResourcesBuildPhase;
			buildActionMask = 2147483647;
			files = (
				B8DEC43729BEAFE400EC7F30 /* Preview Assets.xcassets in Resources */,
				B8DEC43429BEAFE400EC7F30 /* Assets.xcassets in Resources */,
			);
			runOnlyForDeploymentPostprocessing = 0;
		};
/* End PBXResourcesBuildPhase section */

/* Begin PBXSourcesBuildPhase section */
		B8DEC42829BEAFE200EC7F30 /* Sources */ = {
			isa = PBXSourcesBuildPhase;
			buildActionMask = 2147483647;
			files = (
				B8DEC43229BEAFE200EC7F30 /* ContentView.swift in Sources */,
				B8DEC45429C05A8B00EC7F30 /* SpirographView.swift in Sources */,
				B8DEC44D29C03BCA00EC7F30 /* SimpleAnimationView.swift in Sources */,
				B8DEC45229C03EA000EC7F30 /* ComplexAnimationView.swift in Sources */,
				B8DEC43E29BEB17300EC7F30 /* CustomPathsView.swift in Sources */,
				B8DEC43029BEAFE200EC7F30 /* DrawingApp.swift in Sources */,
				B8DEC45729C2E5DA00EC7F30 /* ArrowShape.swift in Sources */,
				B8DEC45929C2EC4F00EC7F30 /* ColorCycleRectView.swift in Sources */,
				B8DEC44329BEC31000EC7F30 /* InsettableShapeView.swift in Sources */,
				B8DEC44729C026C400EC7F30 /* ImagePaintView.swift in Sources */,
				B8DEC44B29C034CB00EC7F30 /* SpecialEffectsView.swift in Sources */,
				B8DEC44929C0297600EC7F30 /* DrawingGroupView.swift in Sources */,
				B8DEC44529C01FDF00EC7F30 /* TransformingShapesView.swift in Sources */,
				B8DEC44129BEB3F500EC7F30 /* CustomShapeView.swift in Sources */,
			);
			runOnlyForDeploymentPostprocessing = 0;
		};
/* End PBXSourcesBuildPhase section */

/* Begin XCBuildConfiguration section */
		B8DEC43829BEAFE400EC7F30 /* Debug */ = {
			isa = XCBuildConfiguration;
			buildSettings = {
				ALWAYS_SEARCH_USER_PATHS = NO;
				CLANG_ANALYZER_NONNULL = YES;
				CLANG_ANALYZER_NUMBER_OBJECT_CONVERSION = YES_AGGRESSIVE;
				CLANG_CXX_LANGUAGE_STANDARD = "gnu++20";
				CLANG_ENABLE_MODULES = YES;
				CLANG_ENABLE_OBJC_ARC = YES;
				CLANG_ENABLE_OBJC_WEAK = YES;
				CLANG_WARN_BLOCK_CAPTURE_AUTORELEASING = YES;
				CLANG_WARN_BOOL_CONVERSION = YES;
				CLANG_WARN_COMMA = YES;
				CLANG_WARN_CONSTANT_CONVERSION = YES;
				CLANG_WARN_DEPRECATED_OBJC_IMPLEMENTATIONS = YES;
				CLANG_WARN_DIRECT_OBJC_ISA_USAGE = YES_ERROR;
				CLANG_WARN_DOCUMENTATION_COMMENTS = YES;
				CLANG_WARN_EMPTY_BODY = YES;
				CLANG_WARN_ENUM_CONVERSION = YES;
				CLANG_WARN_INFINITE_RECURSION = YES;
				CLANG_WARN_INT_CONVERSION = YES;
				CLANG_WARN_NON_LITERAL_NULL_CONVERSION = YES;
				CLANG_WARN_OBJC_IMPLICIT_RETAIN_SELF = YES;
				CLANG_WARN_OBJC_LITERAL_CONVERSION = YES;
				CLANG_WARN_OBJC_ROOT_CLASS = YES_ERROR;
				CLANG_WARN_QUOTED_INCLUDE_IN_FRAMEWORK_HEADER = YES;
				CLANG_WARN_RANGE_LOOP_ANALYSIS = YES;
				CLANG_WARN_STRICT_PROTOTYPES = YES;
				CLANG_WARN_SUSPICIOUS_MOVE = YES;
				CLANG_WARN_UNGUARDED_AVAILABILITY = YES_AGGRESSIVE;
				CLANG_WARN_UNREACHABLE_CODE = YES;
				CLANG_WARN__DUPLICATE_METHOD_MATCH = YES;
				COPY_PHASE_STRIP = NO;
				DEBUG_INFORMATION_FORMAT = dwarf;
				ENABLE_STRICT_OBJC_MSGSEND = YES;
				ENABLE_TESTABILITY = YES;
				GCC_C_LANGUAGE_STANDARD = gnu11;
				GCC_DYNAMIC_NO_PIC = NO;
				GCC_NO_COMMON_BLOCKS = YES;
				GCC_OPTIMIZATION_LEVEL = 0;
				GCC_PREPROCESSOR_DEFINITIONS = (
					"DEBUG=1",
					"$(inherited)",
				);
				GCC_WARN_64_TO_32_BIT_CONVERSION = YES;
				GCC_WARN_ABOUT_RETURN_TYPE = YES_ERROR;
				GCC_WARN_UNDECLARED_SELECTOR = YES;
				GCC_WARN_UNINITIALIZED_AUTOS = YES_AGGRESSIVE;
				GCC_WARN_UNUSED_FUNCTION = YES;
				GCC_WARN_UNUSED_VARIABLE = YES;
				IPHONEOS_DEPLOYMENT_TARGET = 16.2;
				MTL_ENABLE_DEBUG_INFO = INCLUDE_SOURCE;
				MTL_FAST_MATH = YES;
				ONLY_ACTIVE_ARCH = YES;
				SDKROOT = iphoneos;
				SWIFT_ACTIVE_COMPILATION_CONDITIONS = DEBUG;
				SWIFT_OPTIMIZATION_LEVEL = "-Onone";
			};
			name = Debug;
		};
		B8DEC43929BEAFE400EC7F30 /* Release */ = {
			isa = XCBuildConfiguration;
			buildSettings = {
				ALWAYS_SEARCH_USER_PATHS = NO;
				CLANG_ANALYZER_NONNULL = YES;
				CLANG_ANALYZER_NUMBER_OBJECT_CONVERSION = YES_AGGRESSIVE;
				CLANG_CXX_LANGUAGE_STANDARD = "gnu++20";
				CLANG_ENABLE_MODULES = YES;
				CLANG_ENABLE_OBJC_ARC = YES;
				CLANG_ENABLE_OBJC_WEAK = YES;
				CLANG_WARN_BLOCK_CAPTURE_AUTORELEASING = YES;
				CLANG_WARN_BOOL_CONVERSION = YES;
				CLANG_WARN_COMMA = YES;
				CLANG_WARN_CONSTANT_CONVERSION = YES;
				CLANG_WARN_DEPRECATED_OBJC_IMPLEMENTATIONS = YES;
				CLANG_WARN_DIRECT_OBJC_ISA_USAGE = YES_ERROR;
				CLANG_WARN_DOCUMENTATION_COMMENTS = YES;
				CLANG_WARN_EMPTY_BODY = YES;
				CLANG_WARN_ENUM_CONVERSION = YES;
				CLANG_WARN_INFINITE_RECURSION = YES;
				CLANG_WARN_INT_CONVERSION = YES;
				CLANG_WARN_NON_LITERAL_NULL_CONVERSION = YES;
				CLANG_WARN_OBJC_IMPLICIT_RETAIN_SELF = YES;
				CLANG_WARN_OBJC_LITERAL_CONVERSION = YES;
				CLANG_WARN_OBJC_ROOT_CLASS = YES_ERROR;
				CLANG_WARN_QUOTED_INCLUDE_IN_FRAMEWORK_HEADER = YES;
				CLANG_WARN_RANGE_LOOP_ANALYSIS = YES;
				CLANG_WARN_STRICT_PROTOTYPES = YES;
				CLANG_WARN_SUSPICIOUS_MOVE = YES;
				CLANG_WARN_UNGUARDED_AVAILABILITY = YES_AGGRESSIVE;
				CLANG_WARN_UNREACHABLE_CODE = YES;
				CLANG_WARN__DUPLICATE_METHOD_MATCH = YES;
				COPY_PHASE_STRIP = NO;
				DEBUG_INFORMATION_FORMAT = "dwarf-with-dsym";
				ENABLE_NS_ASSERTIONS = NO;
				ENABLE_STRICT_OBJC_MSGSEND = YES;
				GCC_C_LANGUAGE_STANDARD = gnu11;
				GCC_NO_COMMON_BLOCKS = YES;
				GCC_WARN_64_TO_32_BIT_CONVERSION = YES;
				GCC_WARN_ABOUT_RETURN_TYPE = YES_ERROR;
				GCC_WARN_UNDECLARED_SELECTOR = YES;
				GCC_WARN_UNINITIALIZED_AUTOS = YES_AGGRESSIVE;
				GCC_WARN_UNUSED_FUNCTION = YES;
				GCC_WARN_UNUSED_VARIABLE = YES;
				IPHONEOS_DEPLOYMENT_TARGET = 16.2;
				MTL_ENABLE_DEBUG_INFO = NO;
				MTL_FAST_MATH = YES;
				SDKROOT = iphoneos;
				SWIFT_COMPILATION_MODE = wholemodule;
				SWIFT_OPTIMIZATION_LEVEL = "-O";
				VALIDATE_PRODUCT = YES;
			};
			name = Release;
		};
		B8DEC43B29BEAFE400EC7F30 /* Debug */ = {
			isa = XCBuildConfiguration;
			buildSettings = {
				ASSETCATALOG_COMPILER_APPICON_NAME = AppIcon;
				ASSETCATALOG_COMPILER_GLOBAL_ACCENT_COLOR_NAME = AccentColor;
				CODE_SIGN_STYLE = Automatic;
				CURRENT_PROJECT_VERSION = 1;
				DEVELOPMENT_ASSET_PATHS = "\"Drawing/Preview Content\"";
				DEVELOPMENT_TEAM = M37LFB9U63;
				ENABLE_PREVIEWS = YES;
				GENERATE_INFOPLIST_FILE = YES;
				INFOPLIST_KEY_UIApplicationSceneManifest_Generation = YES;
				INFOPLIST_KEY_UIApplicationSupportsIndirectInputEvents = YES;
				INFOPLIST_KEY_UILaunchScreen_Generation = YES;
				INFOPLIST_KEY_UISupportedInterfaceOrientations_iPad = "UIInterfaceOrientationPortrait UIInterfaceOrientationPortraitUpsideDown UIInterfaceOrientationLandscapeLeft UIInterfaceOrientationLandscapeRight";
				INFOPLIST_KEY_UISupportedInterfaceOrientations_iPhone = "UIInterfaceOrientationPortrait UIInterfaceOrientationLandscapeLeft UIInterfaceOrientationLandscapeRight";
				LD_RUNPATH_SEARCH_PATHS = (
					"$(inherited)",
					"@executable_path/Frameworks",
				);
				MARKETING_VERSION = 1.0;
				PRODUCT_BUNDLE_IDENTIFIER = com.bc.Drawing;
				PRODUCT_NAME = "$(TARGET_NAME)";
				SWIFT_EMIT_LOC_STRINGS = YES;
				SWIFT_VERSION = 5.0;
				TARGETED_DEVICE_FAMILY = "1,2";
			};
			name = Debug;
		};
		B8DEC43C29BEAFE400EC7F30 /* Release */ = {
			isa = XCBuildConfiguration;
			buildSettings = {
				ASSETCATALOG_COMPILER_APPICON_NAME = AppIcon;
				ASSETCATALOG_COMPILER_GLOBAL_ACCENT_COLOR_NAME = AccentColor;
				CODE_SIGN_STYLE = Automatic;
				CURRENT_PROJECT_VERSION = 1;
				DEVELOPMENT_ASSET_PATHS = "\"Drawing/Preview Content\"";
				DEVELOPMENT_TEAM = M37LFB9U63;
				ENABLE_PREVIEWS = YES;
				GENERATE_INFOPLIST_FILE = YES;
				INFOPLIST_KEY_UIApplicationSceneManifest_Generation = YES;
				INFOPLIST_KEY_UIApplicationSupportsIndirectInputEvents = YES;
				INFOPLIST_KEY_UILaunchScreen_Generation = YES;
				INFOPLIST_KEY_UISupportedInterfaceOrientations_iPad = "UIInterfaceOrientationPortrait UIInterfaceOrientationPortraitUpsideDown UIInterfaceOrientationLandscapeLeft UIInterfaceOrientationLandscapeRight";
				INFOPLIST_KEY_UISupportedInterfaceOrientations_iPhone = "UIInterfaceOrientationPortrait UIInterfaceOrientationLandscapeLeft UIInterfaceOrientationLandscapeRight";
				LD_RUNPATH_SEARCH_PATHS = (
					"$(inherited)",
					"@executable_path/Frameworks",
				);
				MARKETING_VERSION = 1.0;
				PRODUCT_BUNDLE_IDENTIFIER = com.bc.Drawing;
				PRODUCT_NAME = "$(TARGET_NAME)";
				SWIFT_EMIT_LOC_STRINGS = YES;
				SWIFT_VERSION = 5.0;
				TARGETED_DEVICE_FAMILY = "1,2";
			};
			name = Release;
		};
/* End XCBuildConfiguration section */

/* Begin XCConfigurationList section */
		B8DEC42729BEAFE200EC7F30 /* Build configuration list for PBXProject "Drawing" */ = {
			isa = XCConfigurationList;
			buildConfigurations = (
				B8DEC43829BEAFE400EC7F30 /* Debug */,
				B8DEC43929BEAFE400EC7F30 /* Release */,
			);
			defaultConfigurationIsVisible = 0;
			defaultConfigurationName = Release;
		};
		B8DEC43A29BEAFE400EC7F30 /* Build configuration list for PBXNativeTarget "Drawing" */ = {
			isa = XCConfigurationList;
			buildConfigurations = (
				B8DEC43B29BEAFE400EC7F30 /* Debug */,
				B8DEC43C29BEAFE400EC7F30 /* Release */,
			);
			defaultConfigurationIsVisible = 0;
			defaultConfigurationName = Release;
		};
/* End XCConfigurationList section */
	};
	rootObject = B8DEC42429BEAFE200EC7F30 /* Project object */;
}
